
Microsoft Visual Studio Solution File, Format Version 12.00
# Visual Studio Version 16
VisualStudioVersion = 16.0.31727.386
MinimumVisualStudioVersion = 10.0.40219.1
Project("{FAE04EC0-301F-11D3-BF4B-00C04F79EFBC}") = "CryptographyAlgorithms", "CryptographyAlgorithms.csproj", "{EDFE424B-33C3-4483-8AAC-714CD2449835}"
EndProject
Global
	GlobalSection(SolutionConfigurationPlatforms) = preSolution
		Debug|Any CPU = Debug|Any CPU
		Release|Any CPU = Release|Any CPU
	EndGlobalSection
	GlobalSection(ProjectConfigurationPlatforms) = postSolution
		{EDFE424B-33C3-4483-8AAC-714CD2449835}.Debug|Any CPU.ActiveCfg = Debug|Any CPU
		{EDFE424B-33C3-4483-8AAC-714CD2449835}.Debug|Any CPU.Build.0 = Debug|Any CPU
		{EDFE424B-33C3-4483-8AAC-714CD2449835}.Release|Any CPU.ActiveCfg = Release|Any CPU
		{EDFE424B-33C3-4483-8AAC-714CD2449835}.Release|Any CPU.Build.0 = Release|Any CPU
	EndGlobalSection
	GlobalSection(SolutionProperties) = preSolution
		HideSolutionNode = FALSE
	EndGlobalSection
	GlobalSection(ExtensibilityGlobals) = postSolution
		SolutionGuid = {4639EB5D-0DA3-4063-91C9-08CADC6B4635}
	EndGlobalSection
EndGlobal
